
Microsoft Visual Studio Solution File, Format Version 11.00
# Visual Studio 2010
Project("{FAE04EC0-301F-11D3-BF4B-00C04F79EFBC}") = "RoomEditorApp", "RoomEditorApp\RoomEditorApp.csproj", "{7E293FB5-30E3-47FD-BD7D-A8B33EB5C2EE}"
EndProject
Global
	GlobalSection(SolutionConfigurationPlatforms) = preSolution
		Debug|Any CPU = Debug|Any CPU
		Release|Any CPU = Release|Any CPU
	EndGlobalSection
	GlobalSection(ProjectConfigurationPlatforms) = postSolution
		{7E293FB5-30E3-47FD-BD7D-A8B33EB5C2EE}.Debug|Any CPU.ActiveCfg = Debug|Any CPU
		{7E293FB5-30E3-47FD-BD7D-A8B33EB5C2EE}.Debug|Any CPU.Build.0 = Debug|Any CPU
		{7E293FB5-30E3-47FD-BD7D-A8B33EB5C2EE}.Release|Any CPU.ActiveCfg = Release|Any CPU
		{7E293FB5-30E3-47FD-BD7D-A8B33EB5C2EE}.Release|Any CPU.Build.0 = Release|Any CPU
	EndGlobalSection
	GlobalSection(SolutionProperties) = preSolution
		HideSolutionNode = FALSE
	EndGlobalSection
EndGlobal
